
Microsoft Visual Studio Solution File, Format Version 12.00
# Visual Studio Version 17
VisualStudioVersion = 17.0.32014.148
MinimumVisualStudioVersion = 10.0.40219.1
Project("{FAE04EC0-301F-11D3-BF4B-00C04F79EFBC}") = "ECC512", "ECC512\ECC512.csproj", "{AEA5D62A-9584-4DB9-B507-57ADBCD128E3}"
EndProject
Project("{FAE04EC0-301F-11D3-BF4B-00C04F79EFBC}") = "ConsoleApp1", "ConsoleApp1\ConsoleApp1.csproj", "{62FE5E48-CCAE-45C1-9A29-BD529AF31545}"
EndProject
Project("{FAE04EC0-301F-11D3-BF4B-00C04F79EFBC}") = "ECCMain", "ECCMain\ECCMain.csproj", "{A46577DB-0148-4713-9AC6-0BB3F3C8DA11}"
EndProject
Project("{FAE04EC0-301F-11D3-BF4B-00C04F79EFBC}") = "ToJson", "ToJson\ToJson.csproj", "{81A61F22-3DFF-4BEA-A61B-C3AF5CDA0272}"
EndProject
Project("{FAE04EC0-301F-11D3-BF4B-00C04F79EFBC}") = "FormSecret", "FormSecret\FormSecret.csproj", "{35030CDE-5213-4141-A0F6-D986E96CF619}"
EndProject
Project("{9A19103F-16F7-4668-BE54-9A1E7A4F7556}") = "ConsoleDream", "ConsoleDream\ConsoleDream.csproj", "{BA3554E9-2660-4FC0-957A-D66FB69383E2}"
EndProject
Project("{FAE04EC0-301F-11D3-BF4B-00C04F79EFBC}") = "ConsoleDream2", "ConsoleDream2\ConsoleDream2.csproj", "{974E79D1-84B0-4150-AA4F-985CD12C2550}"
EndProject
Project("{9A19103F-16F7-4668-BE54-9A1E7A4F7556}") = "ConsoleApp1_Core", "ConsoleApp1_Core\ConsoleApp1_Core.csproj", "{367F1E66-6B59-43D7-94C3-CF133BB07DBC}"
EndProject
Project("{9A19103F-16F7-4668-BE54-9A1E7A4F7556}") = "ECCMain_Core", "ECCMain_Core\ECCMain_Core.csproj", "{8102DA07-477B-48B0-B32D-269E7E4437DD}"
EndProject
Project("{9A19103F-16F7-4668-BE54-9A1E7A4F7556}") = "ToJson_Core", "ToJson_Core\ToJson_Core.csproj", "{A591E21D-D2CE-47A5-9077-2287D4C09192}"
EndProject
Project("{9A19103F-16F7-4668-BE54-9A1E7A4F7556}") = "BitOnLine", "BitOnLine\BitOnLine.csproj", "{7DAF49ED-BD45-462C-8A9A-EEB63FF4CA00}"
EndProject
Project("{9A19103F-16F7-4668-BE54-9A1E7A4F7556}") = "OtherBitCoinLibrary", "OtherBitCoinLibrary\OtherBitCoinLibrary.csproj", "{A80AE9FE-1B29-46C5-BBA1-86D4AC35F1E8}"
EndProject
Project("{9092AA53-FB77-4645-B42D-1CCCA6BD08BD}") = "NodejsConsoleApp1", "NodejsConsoleApp1\NodejsConsoleApp1.njsproj", "{9D5581D8-7111-451A-A704-5FDB30AACE69}"
EndProject
Project("{9A19103F-16F7-4668-BE54-9A1E7A4F7556}") = "WinFormsApp1", "WinFormsApp1\WinFormsApp1.csproj", "{DAF78887-531B-419A-BE52-E57F3850CA4D}"
EndProject
Project("{FAE04EC0-301F-11D3-BF4B-00C04F79EFBC}") = "IconAppOnly", "IconAppOnly\IconAppOnly.csproj", "{CA8A4F17-3AFD-4665-BCBC-37FE4372EF4C}"
EndProject
Global
	GlobalSection(SolutionConfigurationPlatforms) = preSolution
		Debug|Any CPU = Debug|Any CPU
		Release|Any CPU = Release|Any CPU
	EndGlobalSection
	GlobalSection(ProjectConfigurationPlatforms) = postSolution
		{AEA5D62A-9584-4DB9-B507-57ADBCD128E3}.Debug|Any CPU.ActiveCfg = Debug|Any CPU
		{AEA5D62A-9584-4DB9-B507-57ADBCD128E3}.Debug|Any CPU.Build.0 = Debug|Any CPU
		{AEA5D62A-9584-4DB9-B507-57ADBCD128E3}.Release|Any CPU.ActiveCfg = Release|Any CPU
		{AEA5D62A-9584-4DB9-B507-57ADBCD128E3}.Release|Any CPU.Build.0 = Release|Any CPU
		{62FE5E48-CCAE-45C1-9A29-BD529AF31545}.Debug|Any CPU.ActiveCfg = Debug|Any CPU
		{62FE5E48-CCAE-45C1-9A29-BD529AF31545}.Debug|Any CPU.Build.0 = Debug|Any CPU
		{62FE5E48-CCAE-45C1-9A29-BD529AF31545}.Release|Any CPU.ActiveCfg = Release|Any CPU
		{62FE5E48-CCAE-45C1-9A29-BD529AF31545}.Release|Any CPU.Build.0 = Release|Any CPU
		{A46577DB-0148-4713-9AC6-0BB3F3C8DA11}.Debug|Any CPU.ActiveCfg = Debug|Any CPU
		{A46577DB-0148-4713-9AC6-0BB3F3C8DA11}.Debug|Any CPU.Build.0 = Debug|Any CPU
		{A46577DB-0148-4713-9AC6-0BB3F3C8DA11}.Release|Any CPU.ActiveCfg = Release|Any CPU
		{A46577DB-0148-4713-9AC6-0BB3F3C8DA11}.Release|Any CPU.Build.0 = Release|Any CPU
		{81A61F22-3DFF-4BEA-A61B-C3AF5CDA0272}.Debug|Any CPU.ActiveCfg = Debug|Any CPU
		{81A61F22-3DFF-4BEA-A61B-C3AF5CDA0272}.Debug|Any CPU.Build.0 = Debug|Any CPU
		{81A61F22-3DFF-4BEA-A61B-C3AF5CDA0272}.Release|Any CPU.ActiveCfg = Release|Any CPU
		{81A61F22-3DFF-4BEA-A61B-C3AF5CDA0272}.Release|Any CPU.Build.0 = Release|Any CPU
		{35030CDE-5213-4141-A0F6-D986E96CF619}.Debug|Any CPU.ActiveCfg = Debug|Any CPU
		{35030CDE-5213-4141-A0F6-D986E96CF619}.Debug|Any CPU.Build.0 = Debug|Any CPU
		{35030CDE-5213-4141-A0F6-D986E96CF619}.Release|Any CPU.ActiveCfg = Release|Any CPU
		{35030CDE-5213-4141-A0F6-D986E96CF619}.Release|Any CPU.Build.0 = Release|Any CPU
		{BA3554E9-2660-4FC0-957A-D66FB69383E2}.Debug|Any CPU.ActiveCfg = Debug|Any CPU
		{BA3554E9-2660-4FC0-957A-D66FB69383E2}.Debug|Any CPU.Build.0 = Debug|Any CPU
		{BA3554E9-2660-4FC0-957A-D66FB69383E2}.Release|Any CPU.ActiveCfg = Release|Any CPU
		{BA3554E9-2660-4FC0-957A-D66FB69383E2}.Release|Any CPU.Build.0 = Release|Any CPU
		{974E79D1-84B0-4150-AA4F-985CD12C2550}.Debug|Any CPU.ActiveCfg = Debug|Any CPU
		{974E79D1-84B0-4150-AA4F-985CD12C2550}.Debug|Any CPU.Build.0 = Debug|Any CPU
		{974E79D1-84B0-4150-AA4F-985CD12C2550}.Release|Any CPU.ActiveCfg = Release|Any CPU
		{974E79D1-84B0-4150-AA4F-985CD12C2550}.Release|Any CPU.Build.0 = Release|Any CPU
		{367F1E66-6B59-43D7-94C3-CF133BB07DBC}.Debug|Any CPU.ActiveCfg = Debug|Any CPU
		{367F1E66-6B59-43D7-94C3-CF133BB07DBC}.Debug|Any CPU.Build.0 = Debug|Any CPU
		{367F1E66-6B59-43D7-94C3-CF133BB07DBC}.Release|Any CPU.ActiveCfg = Release|Any CPU
		{367F1E66-6B59-43D7-94C3-CF133BB07DBC}.Release|Any CPU.Build.0 = Release|Any CPU
		{8102DA07-477B-48B0-B32D-269E7E4437DD}.Debug|Any CPU.ActiveCfg = Debug|Any CPU
		{8102DA07-477B-48B0-B32D-269E7E4437DD}.Debug|Any CPU.Build.0 = Debug|Any CPU
		{8102DA07-477B-48B0-B32D-269E7E4437DD}.Release|Any CPU.ActiveCfg = Release|Any CPU
		{8102DA07-477B-48B0-B32D-269E7E4437DD}.Release|Any CPU.Build.0 = Release|Any CPU
		{A591E21D-D2CE-47A5-9077-2287D4C09192}.Debug|Any CPU.ActiveCfg = Debug|Any CPU
		{A591E21D-D2CE-47A5-9077-2287D4C09192}.Debug|Any CPU.Build.0 = Debug|Any CPU
		{A591E21D-D2CE-47A5-9077-2287D4C09192}.Release|Any CPU.ActiveCfg = Release|Any CPU
		{A591E21D-D2CE-47A5-9077-2287D4C09192}.Release|Any CPU.Build.0 = Release|Any CPU
		{7DAF49ED-BD45-462C-8A9A-EEB63FF4CA00}.Debug|Any CPU.ActiveCfg = Debug|Any CPU
		{7DAF49ED-BD45-462C-8A9A-EEB63FF4CA00}.Debug|Any CPU.Build.0 = Debug|Any CPU
		{7DAF49ED-BD45-462C-8A9A-EEB63FF4CA00}.Release|Any CPU.ActiveCfg = Release|Any CPU
		{7DAF49ED-BD45-462C-8A9A-EEB63FF4CA00}.Release|Any CPU.Build.0 = Release|Any CPU
		{A80AE9FE-1B29-46C5-BBA1-86D4AC35F1E8}.Debug|Any CPU.ActiveCfg = Debug|Any CPU
		{A80AE9FE-1B29-46C5-BBA1-86D4AC35F1E8}.Debug|Any CPU.Build.0 = Debug|Any CPU
		{A80AE9FE-1B29-46C5-BBA1-86D4AC35F1E8}.Release|Any CPU.ActiveCfg = Release|Any CPU
		{A80AE9FE-1B29-46C5-BBA1-86D4AC35F1E8}.Release|Any CPU.Build.0 = Release|Any CPU
		{9D5581D8-7111-451A-A704-5FDB30AACE69}.Debug|Any CPU.ActiveCfg = Debug|Any CPU
		{9D5581D8-7111-451A-A704-5FDB30AACE69}.Debug|Any CPU.Build.0 = Debug|Any CPU
		{9D5581D8-7111-451A-A704-5FDB30AACE69}.Release|Any CPU.ActiveCfg = Release|Any CPU
		{9D5581D8-7111-451A-A704-5FDB30AACE69}.Release|Any CPU.Build.0 = Release|Any CPU
		{DAF78887-531B-419A-BE52-E57F3850CA4D}.Debug|Any CPU.ActiveCfg = Debug|Any CPU
		{DAF78887-531B-419A-BE52-E57F3850CA4D}.Debug|Any CPU.Build.0 = Debug|Any CPU
		{DAF78887-531B-419A-BE52-E57F3850CA4D}.Release|Any CPU.ActiveCfg = Release|Any CPU
		{DAF78887-531B-419A-BE52-E57F3850CA4D}.Release|Any CPU.Build.0 = Release|Any CPU
		{CA8A4F17-3AFD-4665-BCBC-37FE4372EF4C}.Debug|Any CPU.ActiveCfg = Debug|Any CPU
		{CA8A4F17-3AFD-4665-BCBC-37FE4372EF4C}.Debug|Any CPU.Build.0 = Debug|Any CPU
		{CA8A4F17-3AFD-4665-BCBC-37FE4372EF4C}.Release|Any CPU.ActiveCfg = Release|Any CPU
		{CA8A4F17-3AFD-4665-BCBC-37FE4372EF4C}.Release|Any CPU.Build.0 = Release|Any CPU
	EndGlobalSection
	GlobalSection(SolutionProperties) = preSolution
		HideSolutionNode = FALSE
	EndGlobalSection
	GlobalSection(ExtensibilityGlobals) = postSolution
		SolutionGuid = {31579C53-82AD-4121-8AC3-366957D52D0C}
	EndGlobalSection
EndGlobal
